
Microsoft Visual Studio Solution File, Format Version 12.00
# Visual Studio Version 16
VisualStudioVersion = 16.0.30104.148
MinimumVisualStudioVersion = 10.0.40219.1
Project("{FAE04EC0-301F-11D3-BF4B-00C04F79EFBC}") = "FirstPractice", "FirstPractice\FirstPractice.csproj", "{B743E6E1-1CC8-4CE7-A997-A47896152127}"
EndProject
Global
	GlobalSection(SolutionConfigurationPlatforms) = preSolution
		Debug|Any CPU = Debug|Any CPU
		Release|Any CPU = Release|Any CPU
	EndGlobalSection
	GlobalSection(ProjectConfigurationPlatforms) = postSolution
		{B743E6E1-1CC8-4CE7-A997-A47896152127}.Debug|Any CPU.ActiveCfg = Debug|Any CPU
		{B743E6E1-1CC8-4CE7-A997-A47896152127}.Debug|Any CPU.Build.0 = Debug|Any CPU
		{B743E6E1-1CC8-4CE7-A997-A47896152127}.Release|Any CPU.ActiveCfg = Release|Any CPU
		{B743E6E1-1CC8-4CE7-A997-A47896152127}.Release|Any CPU.Build.0 = Release|Any CPU
	EndGlobalSection
	GlobalSection(SolutionProperties) = preSolution
		HideSolutionNode = FALSE
	EndGlobalSection
	GlobalSection(ExtensibilityGlobals) = postSolution
		SolutionGuid = {9D7D1A28-C61D-4CF2-BB5F-72EA6EF74546}
	EndGlobalSection
EndGlobal
